<?xml version="1.0" encoding="utf-8"?>
<Project ToolsVersion="4.0" xmlns="http://schemas.microsoft.com/developer/msbuild/2003">
  <ItemGroup>
    <None Include="data\constants.json" />
    <None Include=".gitignore" />
  </ItemGroup>
  <ItemGroup>
    <ClCompile Include="src\main.cpp" />
    <ClCompile Include="src\core\game.cpp" />
    <ClCompile Include="src\core\window.cpp" />
    <ClCompile Include="src\core\save.cpp" />
    <ClCompile Include="src\core\factories.cpp" />
    <ClCompile Include="src\helpers\textureHelpers.cpp" />
    <ClCompile Include="src\systems\moveSystem.cpp" />
    <ClCompile Include="src\systems\renderSystem.cpp" />
    <ClCompile Include="src\helpers\playerHelpers.cpp" />
    <ClCompile Include="src\helpers\mapGenHelpers.cpp" />
    <ClCompile Include="src\comps\texStorage.h" />
    <ClCompile Include="src\helpers\tileTexHelpers.cpp" />
    <ClCompile Include="src\systems\cameraSystem.cpp" />
    <ClCompile Include="src\systems\collisionSystem.cpp" />
  </ItemGroup>
  <ItemGroup>
    <ClInclude Include="src\core\game.h" />
    <ClInclude Include="src\core\window.h" />
    <ClInclude Include="src\utility\vect.h" />
    <ClInclude Include="src\core\save.h" />
    <ClInclude Include="src\comps\texture.h" />
    <ClInclude Include="src\core\factories.h" />
    <ClInclude Include="src\comps\multitexture.h" />
    <ClInclude Include="src\comps\position.h" />
    <ClInclude Include="src\comps\size.h" />
    <ClInclude Include="src\helpers\textureHelpers.h" />
    <ClInclude Include="src\comps\movement.h" />
    <ClInclude Include="src\systems\moveSystem.h" />
    <ClInclude Include="src\systems\renderSystem.h" />
    <ClInclude Include="src\helpers\playerHelpers.h" />
    <ClInclude Include="src\comps\player.h" />
    <ClInclude Include="src\comps\layerGen.h" />
    <ClInclude Include="src\helpers\mapGenHelpers.h" />
    <ClInclude Include="src\helpers\tileTexHelpers.h" />
    <ClInclude Include="src\comps\offset.h" />
    <ClInclude Include="src\comps\camera.h" />
    <ClInclude Include="src\systems\cameraSystem.h" />
    <ClInclude Include="src\systems\collisionSystem.h" />
  </ItemGroup>
  <ItemGroup>
    <Image Include="res\gameplay\tile.png" />
    <Image Include="res\gameplay\player.png" />
  </ItemGroup>
</Project>