<?xml version="1.0" encoding="utf-8"?>
<Project ToolsVersion="4.0" xmlns="http://schemas.microsoft.com/developer/msbuild/2003">
  <ItemGroup>
    <ClCompile Include="src\main.cpp" />
    <ClCompile Include="src\window.cpp" />
    <ClCompile Include="src\game.cpp" />
    <ClCompile Include="src\save.cpp" />
  </ItemGroup>
  <ItemGroup>
    <ClInclude Include="include\window.h" />
    <ClInclude Include="include\game.h" />
    <ClInclude Include="include\vect.h" />
    <ClInclude Include="include\save.h" />
  </ItemGroup>
  <ItemGroup>
    <None Include="data\constants.json" />
    <None Include=".gitignore" />
  </ItemGroup>
</Project>