<?xml version="1.0" encoding="utf-8"?>
<Project ToolsVersion="4.0" xmlns="http://schemas.microsoft.com/developer/msbuild/2003">
  <ItemGroup>
    <None Include="data\constants.json" />
    <None Include=".gitignore" />
  </ItemGroup>
  <ItemGroup>
    <ClCompile Include="src\main.cpp" />
    <ClCompile Include="src\core\game.cpp" />
    <ClCompile Include="src\core\window.cpp" />
    <ClCompile Include="src\core\save.cpp" />
    <ClCompile Include="src\comp\texture.cpp" />
    <ClCompile Include="src\systems\factories.cpp" />
    <ClCompile Include="src\comp\multitexture.cpp" />
  </ItemGroup>
  <ItemGroup>
    <ClInclude Include="src\core\game.h" />
    <ClInclude Include="src\core\window.h" />
    <ClInclude Include="src\utility\vect.h" />
    <ClInclude Include="src\core\save.h" />
    <ClInclude Include="src\comp\texture.h" />
    <ClInclude Include="src\systems\factories.h" />
    <ClInclude Include="src\comp\multitexture.h" />
  </ItemGroup>
  <ItemGroup>
    <Image Include="res\gameplay\platform.png" />
  </ItemGroup>
</Project>